{
    "requires": true,
    "lockfileVersion": 1,
    "dependencies": {
        "swagger-ui-dist": {
            "version": "3.20.6",
            "resolved": "https://registry.npmjs.org/swagger-ui-dist/-/swagger-ui-dist-3.20.6.tgz",
            "integrity": "sha512-CN+2z6AP0/KR6Z7wPtBA9ZWr9z28dzA5R88VturLmDSVtYIAB3D6aTt1bCj39sUtLsVwxFVrBDbNtdXcZCvFHQ=="
        }
    }
}
